
Microsoft Visual Studio Solution File, Format Version 12.00
# Visual Studio Version 16
VisualStudioVersion = 16.0.32126.315
MinimumVisualStudioVersion = 10.0.40219.1
Project("{FAE04EC0-301F-11D3-BF4B-00C04F79EFBC}") = "Buecherei", "Buecherei.csproj", "{C99C8A3E-D8E8-4759-BD11-EA99DF59332D}"
EndProject
Global
	GlobalSection(SolutionConfigurationPlatforms) = preSolution
		Debug|Any CPU = Debug|Any CPU
		Release|Any CPU = Release|Any CPU
	EndGlobalSection
	GlobalSection(ProjectConfigurationPlatforms) = postSolution
		{C99C8A3E-D8E8-4759-BD11-EA99DF59332D}.Debug|Any CPU.ActiveCfg = Debug|Any CPU
		{C99C8A3E-D8E8-4759-BD11-EA99DF59332D}.Debug|Any CPU.Build.0 = Debug|Any CPU
		{C99C8A3E-D8E8-4759-BD11-EA99DF59332D}.Release|Any CPU.ActiveCfg = Release|Any CPU
		{C99C8A3E-D8E8-4759-BD11-EA99DF59332D}.Release|Any CPU.Build.0 = Release|Any CPU
	EndGlobalSection
	GlobalSection(SolutionProperties) = preSolution
		HideSolutionNode = FALSE
	EndGlobalSection
	GlobalSection(ExtensibilityGlobals) = postSolution
		SolutionGuid = {C01808B9-DE9A-4EF9-B3A4-5FECF1ECC742}
	EndGlobalSection
EndGlobal
